
Microsoft Visual Studio Solution File, Format Version 12.00
# Visual Studio Version 17
VisualStudioVersion = 17.8.34330.188
MinimumVisualStudioVersion = 10.0.40219.1
Project("{FAE04EC0-301F-11D3-BF4B-00C04F79EFBC}") = "KP", "KP\KP.csproj", "{5B990B60-91B9-4F75-8278-C1D7B6FBB41A}"
EndProject
Global
	GlobalSection(SolutionConfigurationPlatforms) = preSolution
		Debug|Any CPU = Debug|Any CPU
		Release|Any CPU = Release|Any CPU
	EndGlobalSection
	GlobalSection(ProjectConfigurationPlatforms) = postSolution
		{5B990B60-91B9-4F75-8278-C1D7B6FBB41A}.Debug|Any CPU.ActiveCfg = Debug|Any CPU
		{5B990B60-91B9-4F75-8278-C1D7B6FBB41A}.Debug|Any CPU.Build.0 = Debug|Any CPU
		{5B990B60-91B9-4F75-8278-C1D7B6FBB41A}.Release|Any CPU.ActiveCfg = Release|Any CPU
		{5B990B60-91B9-4F75-8278-C1D7B6FBB41A}.Release|Any CPU.Build.0 = Release|Any CPU
	EndGlobalSection
	GlobalSection(SolutionProperties) = preSolution
		HideSolutionNode = FALSE
	EndGlobalSection
	GlobalSection(ExtensibilityGlobals) = postSolution
		SolutionGuid = {458D17CA-D790-4D67-BA35-CD33612F5DD7}
	EndGlobalSection
EndGlobal
